{
  "name": "baseline-scss",
  "version": "0.4.1",
  "lockfileVersion": 2,
  "requires": true,
  "packages": {
    "": {
      "name": "baseline-scss",
      "version": "0.4.1",
      "license": "ISC",
      "devDependencies": {
        "animate.css": "^4.1.1",
        "bourbon": "^7.3.0",
        "include-media": "^2.0.0",
        "normalize.css": "^8.0.1"
      }
    },
    "node_modules/animate.css": {
      "version": "4.1.1",
      "resolved": "https://registry.npmjs.org/animate.css/-/animate.css-4.1.1.tgz",
      "integrity": "sha512-+mRmCTv6SbCmtYJCN4faJMNFVNN5EuCTTprDTAo7YzIGji2KADmakjVA3+8mVDkZ2Bf09vayB35lSQIex2+QaQ==",
      "dev": true
    },
    "node_modules/bourbon": {
      "version": "7.3.0",
      "resolved": "https://registry.npmjs.org/bourbon/-/bourbon-7.3.0.tgz",
      "integrity": "sha512-u9ZUqmaX7K7nkarKODlFT4/XYfWafLRoadlv2Lye8hytrIA4Urg/50rav1eFdbdbO6o9GnK9a6qf7zwq808atA==",
      "dev": true
    },
    "node_modules/include-media": {
      "version": "2.0.0",
      "resolved": "https://registry.npmjs.org/include-media/-/include-media-2.0.0.tgz",
      "integrity": "sha512-LSJcffPYIZ/Kln0rIi5UhqQbZxElDCMYA4dPC5MI1rkwwjptgEiOicHnzB0MMhMNJver0+4zULb4MKlgDyapZg==",
      "dev": true
    },
    "node_modules/normalize.css": {
      "version": "8.0.1",
      "resolved": "https://registry.npmjs.org/normalize.css/-/normalize.css-8.0.1.tgz",
      "integrity": "sha512-qizSNPO93t1YUuUhP22btGOo3chcvDFqFaj2TRybP0DMxkHOCTYwp3n34fel4a31ORXy4m1Xq0Gyqpb5m33qIg==",
      "dev": true
    }
  },
  "dependencies": {
    "animate.css": {
      "version": "4.1.1",
      "resolved": "https://registry.npmjs.org/animate.css/-/animate.css-4.1.1.tgz",
      "integrity": "sha512-+mRmCTv6SbCmtYJCN4faJMNFVNN5EuCTTprDTAo7YzIGji2KADmakjVA3+8mVDkZ2Bf09vayB35lSQIex2+QaQ==",
      "dev": true
    },
    "bourbon": {
      "version": "7.3.0",
      "resolved": "https://registry.npmjs.org/bourbon/-/bourbon-7.3.0.tgz",
      "integrity": "sha512-u9ZUqmaX7K7nkarKODlFT4/XYfWafLRoadlv2Lye8hytrIA4Urg/50rav1eFdbdbO6o9GnK9a6qf7zwq808atA==",
      "dev": true
    },
    "include-media": {
      "version": "2.0.0",
      "resolved": "https://registry.npmjs.org/include-media/-/include-media-2.0.0.tgz",
      "integrity": "sha512-LSJcffPYIZ/Kln0rIi5UhqQbZxElDCMYA4dPC5MI1rkwwjptgEiOicHnzB0MMhMNJver0+4zULb4MKlgDyapZg==",
      "dev": true
    },
    "normalize.css": {
      "version": "8.0.1",
      "resolved": "https://registry.npmjs.org/normalize.css/-/normalize.css-8.0.1.tgz",
      "integrity": "sha512-qizSNPO93t1YUuUhP22btGOo3chcvDFqFaj2TRybP0DMxkHOCTYwp3n34fel4a31ORXy4m1Xq0Gyqpb5m33qIg==",
      "dev": true
    }
  }
}
